
Microsoft Visual Studio Solution File, Format Version 12.00
# Visual Studio Version 17
VisualStudioVersion = 17.0.32112.339
MinimumVisualStudioVersion = 10.0.40219.1
Project("{FAE04EC0-301F-11D3-BF4B-00C04F79EFBC}") = "QueryMachine.XQuery", "QueryMachine.XQuery\QueryMachine.XQuery.csproj", "{0FDD0A6C-E9FA-4CE2-B2A7-461C7444EEFF}"
EndProject
Project("{9A19103F-16F7-4668-BE54-9A1E7A4F7556}") = "CoreServices", "CoreServices\CoreServices.csproj", "{454016BE-0E1C-4DFB-A22F-2E642A1AE9A6}"
EndProject
Project("{FAE04EC0-301F-11D3-BF4B-00C04F79EFBC}") = "QueryMachine.XQuery.OpenXML", "QueryMachine.XQuery.OpenXML\QueryMachine.XQuery.OpenXML.csproj", "{76F1BD99-2D8C-41BA-9FD7-31F88F78BABD}"
EndProject
Project("{FAE04EC0-301F-11D3-BF4B-00C04F79EFBC}") = "XQueryConsole", "XQueryConsole\XQueryConsole.csproj", "{E6EB391D-D029-4D17-9E77-DC5015949050}"
EndProject
Project("{9A19103F-16F7-4668-BE54-9A1E7A4F7556}") = "QueryMachine", "QueryMachine\QueryMachine.csproj", "{30559E5B-115F-4C16-B265-CA4EF7973BEC}"
EndProject
Project("{FAE04EC0-301F-11D3-BF4B-00C04F79EFBC}") = "QueryMachine.Export", "QueryMachine.Export\QueryMachine.Export.csproj", "{223929E8-59BC-4872-872B-104F183E7428}"
EndProject
Project("{2150E333-8FDC-42A3-9474-1A3956D46DE8}") = "Backported", "Backported", "{EC6E63AA-096D-439D-9188-E73845778CBC}"
EndProject
Project("{FAE04EC0-301F-11D3-BF4B-00C04F79EFBC}") = "Metadata.W3cXsd2001", "Metadata.W3cXsd2001\Metadata.W3cXsd2001.csproj", "{85CCB96A-5643-4487-9F10-74153F72A1F8}"
EndProject
Global
	GlobalSection(SolutionConfigurationPlatforms) = preSolution
		Debug|Any CPU = Debug|Any CPU
		Debug|x86 = Debug|x86
		Release|Any CPU = Release|Any CPU
		Release|x86 = Release|x86
	EndGlobalSection
	GlobalSection(ProjectConfigurationPlatforms) = postSolution
		{0FDD0A6C-E9FA-4CE2-B2A7-461C7444EEFF}.Debug|Any CPU.ActiveCfg = Debug|Any CPU
		{0FDD0A6C-E9FA-4CE2-B2A7-461C7444EEFF}.Debug|Any CPU.Build.0 = Debug|Any CPU
		{0FDD0A6C-E9FA-4CE2-B2A7-461C7444EEFF}.Debug|x86.ActiveCfg = Debug|Any CPU
		{0FDD0A6C-E9FA-4CE2-B2A7-461C7444EEFF}.Release|Any CPU.ActiveCfg = Release-1|Any CPU
		{0FDD0A6C-E9FA-4CE2-B2A7-461C7444EEFF}.Release|Any CPU.Build.0 = Release-1|Any CPU
		{0FDD0A6C-E9FA-4CE2-B2A7-461C7444EEFF}.Release|x86.ActiveCfg = Release-1|Any CPU
		{454016BE-0E1C-4DFB-A22F-2E642A1AE9A6}.Debug|Any CPU.ActiveCfg = Debug|Any CPU
		{454016BE-0E1C-4DFB-A22F-2E642A1AE9A6}.Debug|Any CPU.Build.0 = Debug|Any CPU
		{454016BE-0E1C-4DFB-A22F-2E642A1AE9A6}.Debug|x86.ActiveCfg = Debug|Any CPU
		{454016BE-0E1C-4DFB-A22F-2E642A1AE9A6}.Release|Any CPU.ActiveCfg = Release-1|Any CPU
		{454016BE-0E1C-4DFB-A22F-2E642A1AE9A6}.Release|Any CPU.Build.0 = Release-1|Any CPU
		{454016BE-0E1C-4DFB-A22F-2E642A1AE9A6}.Release|x86.ActiveCfg = Release-1|Any CPU
		{76F1BD99-2D8C-41BA-9FD7-31F88F78BABD}.Debug|Any CPU.ActiveCfg = Debug|Any CPU
		{76F1BD99-2D8C-41BA-9FD7-31F88F78BABD}.Debug|Any CPU.Build.0 = Debug|Any CPU
		{76F1BD99-2D8C-41BA-9FD7-31F88F78BABD}.Debug|x86.ActiveCfg = Debug|Any CPU
		{76F1BD99-2D8C-41BA-9FD7-31F88F78BABD}.Release|Any CPU.ActiveCfg = Release-1|Any CPU
		{76F1BD99-2D8C-41BA-9FD7-31F88F78BABD}.Release|Any CPU.Build.0 = Release-1|Any CPU
		{76F1BD99-2D8C-41BA-9FD7-31F88F78BABD}.Release|x86.ActiveCfg = Release-1|Any CPU
		{E6EB391D-D029-4D17-9E77-DC5015949050}.Debug|Any CPU.ActiveCfg = Debug|Any CPU
		{E6EB391D-D029-4D17-9E77-DC5015949050}.Debug|Any CPU.Build.0 = Debug|Any CPU
		{E6EB391D-D029-4D17-9E77-DC5015949050}.Debug|x86.ActiveCfg = Debug|x86
		{E6EB391D-D029-4D17-9E77-DC5015949050}.Debug|x86.Build.0 = Debug|x86
		{E6EB391D-D029-4D17-9E77-DC5015949050}.Release|Any CPU.ActiveCfg = Release-1|Any CPU
		{E6EB391D-D029-4D17-9E77-DC5015949050}.Release|Any CPU.Build.0 = Release-1|Any CPU
		{E6EB391D-D029-4D17-9E77-DC5015949050}.Release|x86.ActiveCfg = Release-1|x86
		{E6EB391D-D029-4D17-9E77-DC5015949050}.Release|x86.Build.0 = Release-1|x86
		{30559E5B-115F-4C16-B265-CA4EF7973BEC}.Debug|Any CPU.ActiveCfg = Debug|Any CPU
		{30559E5B-115F-4C16-B265-CA4EF7973BEC}.Debug|Any CPU.Build.0 = Debug|Any CPU
		{30559E5B-115F-4C16-B265-CA4EF7973BEC}.Debug|x86.ActiveCfg = Debug|Any CPU
		{30559E5B-115F-4C16-B265-CA4EF7973BEC}.Release|Any CPU.ActiveCfg = Release-1|Any CPU
		{30559E5B-115F-4C16-B265-CA4EF7973BEC}.Release|Any CPU.Build.0 = Release-1|Any CPU
		{30559E5B-115F-4C16-B265-CA4EF7973BEC}.Release|x86.ActiveCfg = Release-1|Any CPU
		{223929E8-59BC-4872-872B-104F183E7428}.Debug|Any CPU.ActiveCfg = Debug|Any CPU
		{223929E8-59BC-4872-872B-104F183E7428}.Debug|Any CPU.Build.0 = Debug|Any CPU
		{223929E8-59BC-4872-872B-104F183E7428}.Debug|x86.ActiveCfg = Debug|Any CPU
		{223929E8-59BC-4872-872B-104F183E7428}.Release|Any CPU.ActiveCfg = Release-1|Any CPU
		{223929E8-59BC-4872-872B-104F183E7428}.Release|Any CPU.Build.0 = Release-1|Any CPU
		{223929E8-59BC-4872-872B-104F183E7428}.Release|x86.ActiveCfg = Release-1|Any CPU
		{85CCB96A-5643-4487-9F10-74153F72A1F8}.Debug|Any CPU.ActiveCfg = Debug|Any CPU
		{85CCB96A-5643-4487-9F10-74153F72A1F8}.Debug|Any CPU.Build.0 = Debug|Any CPU
		{85CCB96A-5643-4487-9F10-74153F72A1F8}.Debug|x86.ActiveCfg = Debug|Any CPU
		{85CCB96A-5643-4487-9F10-74153F72A1F8}.Debug|x86.Build.0 = Debug|Any CPU
		{85CCB96A-5643-4487-9F10-74153F72A1F8}.Release|Any CPU.ActiveCfg = Release|Any CPU
		{85CCB96A-5643-4487-9F10-74153F72A1F8}.Release|Any CPU.Build.0 = Release|Any CPU
		{85CCB96A-5643-4487-9F10-74153F72A1F8}.Release|x86.ActiveCfg = Release|Any CPU
		{85CCB96A-5643-4487-9F10-74153F72A1F8}.Release|x86.Build.0 = Release|Any CPU
	EndGlobalSection
	GlobalSection(SolutionProperties) = preSolution
		HideSolutionNode = FALSE
	EndGlobalSection
	GlobalSection(NestedProjects) = preSolution
		{85CCB96A-5643-4487-9F10-74153F72A1F8} = {EC6E63AA-096D-439D-9188-E73845778CBC}
	EndGlobalSection
	GlobalSection(ExtensibilityGlobals) = postSolution
		SolutionGuid = {905B3E96-DE28-4AEA-BCF5-6616E105AF51}
	EndGlobalSection
EndGlobal
